// !$*UTF8*$!
{
	archiveVersion = 1;
	classes = {
	};
	objectVersion = 77;
	objects = {

/* Begin PBXBuildFile section */
		FF6065CB9591436EBB1EB2E4 /* FloatyDoLib in Frameworks */ = {isa = PBXBuildFile; productRef = FA3EAE57C7C5454CA111C50E /* FloatyDoLib */; };
/* End PBXBuildFile section */

/* Begin PBXContainerItemProxy section */
		96C120FE2F5CCB4F001BAB34 /* PBXContainerItemProxy */ = {
			isa = PBXContainerItemProxy;
			containerPortal = 96C120E52F5CCB4E001BAB34 /* Project object */;
			proxyType = 1;
			remoteGlobalIDString = 96C120EC2F5CCB4E001BAB34;
			remoteInfo = FloatyDo;
		};
		96C121082F5CCB4F001BAB34 /* PBXContainerItemProxy */ = {
			isa = PBXContainerItemProxy;
			containerPortal = 96C120E52F5CCB4E001BAB34 /* Project object */;
			proxyType = 1;
			remoteGlobalIDString = 96C120EC2F5CCB4E001BAB34;
			remoteInfo = FloatyDo;
		};
/* End PBXContainerItemProxy section */

/* Begin PBXFileReference section */
		96C120ED2F5CCB4E001BAB34 /* FloatyDo.app */ = {isa = PBXFileReference; explicitFileType = wrapper.application; includeInIndex = 0; path = FloatyDo.app; sourceTree = BUILT_PRODUCTS_DIR; };
		96C120FD2F5CCB4F001BAB34 /* FloatyDoTests.xctest */ = {isa = PBXFileReference; explicitFileType = wrapper.cfbundle; includeInIndex = 0; path = FloatyDoTests.xctest; sourceTree = BUILT_PRODUCTS_DIR; };
		96C121072F5CCB4F001BAB34 /* FloatyDoUITests.xctest */ = {isa = PBXFileReference; explicitFileType = wrapper.cfbundle; includeInIndex = 0; path = FloatyDoUITests.xctest; sourceTree = BUILT_PRODUCTS_DIR; };
/* End PBXFileReference section */

/* Begin PBXFileSystemSynchronizedRootGroup section */
		96C120EF2F5CCB4E001BAB34 /* FloatyDo */ = {
			isa = PBXFileSystemSynchronizedRootGroup;
			path = FloatyDo;
			sourceTree = "<group>";
		};
		96C121002F5CCB4F001BAB34 /* FloatyDoTests */ = {
			isa = PBXFileSystemSynchronizedRootGroup;
			path = FloatyDoTests;
			sourceTree = "<group>";
		};
		96C1210A2F5CCB4F001BAB34 /* FloatyDoUITests */ = {
			isa = PBXFileSystemSynchronizedRootGroup;
			path = FloatyDoUITests;
			sourceTree = "<group>";
		};
/* End PBXFileSystemSynchronizedRootGroup section */

/* Begin PBXFrameworksBuildPhase section */
		96C120EA2F5CCB4E001BAB34 /* Frameworks */ = {
			isa = PBXFrameworksBuildPhase;
			buildActionMask = 2147483647;
			files = (
				FF6065CB9591436EBB1EB2E4 /* FloatyDoLib in Frameworks */,
			);
			runOnlyForDeploymentPostprocessing = 0;
		};
		96C120FA2F5CCB4F001BAB34 /* Frameworks */ = {
			isa = PBXFrameworksBuildPhase;
			buildActionMask = 2147483647;
			files = (
			);
			runOnlyForDeploymentPostprocessing = 0;
		};
		96C121042F5CCB4F001BAB34 /* Frameworks */ = {
			isa = PBXFrameworksBuildPhase;
			buildActionMask = 2147483647;
			files = (
			);
			runOnlyForDeploymentPostprocessing = 0;
		};
/* End PBXFrameworksBuildPhase section */

/* Begin PBXGroup section */
		96C120E42F5CCB4E001BAB34 = {
			isa = PBXGroup;
			children = (
				96C120EF2F5CCB4E001BAB34 /* FloatyDo */,
				96C121002F5CCB4F001BAB34 /* FloatyDoTests */,
				96C1210A2F5CCB4F001BAB34 /* FloatyDoUITests */,
				96C120EE2F5CCB4E001BAB34 /* Products */,
			);
			sourceTree = "<group>";
		};
		96C120EE2F5CCB4E001BAB34 /* Products */ = {
			isa = PBXGroup;
			children = (
				96C120ED2F5CCB4E001BAB34 /* FloatyDo.app */,
				96C120FD2F5CCB4F001BAB34 /* FloatyDoTests.xctest */,
				96C121072F5CCB4F001BAB34 /* FloatyDoUITests.xctest */,
			);
			name = Products;
			sourceTree = "<group>";
		};
/* End PBXGroup section */

/* Begin PBXNativeTarget section */
		96C120EC2F5CCB4E001BAB34 /* FloatyDo */ = {
			isa = PBXNativeTarget;
			buildConfigurationList = 96C121112F5CCB4F001BAB34 /* Build configuration list for PBXNativeTarget "FloatyDo" */;
			buildPhases = (
				96C120E92F5CCB4E001BAB34 /* Sources */,
				96C120EA2F5CCB4E001BAB34 /* Frameworks */,
				96C120EB2F5CCB4E001BAB34 /* Resources */,
			);
			buildRules = (
			);
			dependencies = (
			);
			fileSystemSynchronizedGroups = (
				96C120EF2F5CCB4E001BAB34 /* FloatyDo */,
			);
			name = FloatyDo;
			packageProductDependencies = (
				FA3EAE57C7C5454CA111C50E /* FloatyDoLib */,
			);
			productName = FloatyDo;
			productReference = 96C120ED2F5CCB4E001BAB34 /* FloatyDo.app */;
			productType = "com.apple.product-type.application";
		};
		96C120FC2F5CCB4F001BAB34 /* FloatyDoTests */ = {
			isa = PBXNativeTarget;
			buildConfigurationList = 96C121142F5CCB4F001BAB34 /* Build configuration list for PBXNativeTarget "FloatyDoTests" */;
			buildPhases = (
				96C120F92F5CCB4F001BAB34 /* Sources */,
				96C120FA2F5CCB4F001BAB34 /* Frameworks */,
				96C120FB2F5CCB4F001BAB34 /* Resources */,
			);
			buildRules = (
			);
			dependencies = (
				96C120FF2F5CCB4F001BAB34 /* PBXTargetDependency */,
			);
			fileSystemSynchronizedGroups = (
				96C121002F5CCB4F001BAB34 /* FloatyDoTests */,
			);
			name = FloatyDoTests;
			packageProductDependencies = (
			);
			productName = FloatyDoTests;
			productReference = 96C120FD2F5CCB4F001BAB34 /* FloatyDoTests.xctest */;
			productType = "com.apple.product-type.bundle.unit-test";
		};
		96C121062F5CCB4F001BAB34 /* FloatyDoUITests */ = {
			isa = PBXNativeTarget;
			buildConfigurationList = 96C121172F5CCB4F001BAB34 /* Build configuration list for PBXNativeTarget "FloatyDoUITests" */;
			buildPhases = (
				96C121032F5CCB4F001BAB34 /* Sources */,
				96C121042F5CCB4F001BAB34 /* Frameworks */,
				96C121052F5CCB4F001BAB34 /* Resources */,
			);
			buildRules = (
			);
			dependencies = (
				96C121092F5CCB4F001BAB34 /* PBXTargetDependency */,
			);
			fileSystemSynchronizedGroups = (
				96C1210A2F5CCB4F001BAB34 /* FloatyDoUITests */,
			);
			name = FloatyDoUITests;
			packageProductDependencies = (
			);
			productName = FloatyDoUITests;
			productReference = 96C121072F5CCB4F001BAB34 /* FloatyDoUITests.xctest */;
			productType = "com.apple.product-type.bundle.ui-testing";
		};
/* End PBXNativeTarget section */

/* Begin PBXProject section */
		96C120E52F5CCB4E001BAB34 /* Project object */ = {
			isa = PBXProject;
			attributes = {
				BuildIndependentTargetsInParallel = 1;
				LastSwiftUpdateCheck = 2630;
				LastUpgradeCheck = 2630;
				TargetAttributes = {
					96C120EC2F5CCB4E001BAB34 = {
						CreatedOnToolsVersion = 26.3;
					};
					96C120FC2F5CCB4F001BAB34 = {
						CreatedOnToolsVersion = 26.3;
						TestTargetID = 96C120EC2F5CCB4E001BAB34;
					};
					96C121062F5CCB4F001BAB34 = {
						CreatedOnToolsVersion = 26.3;
						TestTargetID = 96C120EC2F5CCB4E001BAB34;
					};
				};
			};
			buildConfigurationList = 96C120E82F5CCB4E001BAB34 /* Build configuration list for PBXProject "FloatyDo" */;
			developmentRegion = en;
			hasScannedForEncodings = 0;
			knownRegions = (
				en,
				Base,
			);
			mainGroup = 96C120E42F5CCB4E001BAB34;
			minimizedProjectReferenceProxies = 1;
			packageReferences = (
				2CBB50F645DF40E182408DA0 /* XCLocalSwiftPackageReference ".." */,
			);
			preferredProjectObjectVersion = 77;
			productRefGroup = 96C120EE2F5CCB4E001BAB34 /* Products */;
			projectDirPath = "";
			projectRoot = "";
			targets = (
				96C120EC2F5CCB4E001BAB34 /* FloatyDo */,
				96C120FC2F5CCB4F001BAB34 /* FloatyDoTests */,
				96C121062F5CCB4F001BAB34 /* FloatyDoUITests */,
			);
		};
/* End PBXProject section */

/* Begin PBXResourcesBuildPhase section */
		96C120EB2F5CCB4E001BAB34 /* Resources */ = {
			isa = PBXResourcesBuildPhase;
			buildActionMask = 2147483647;
			files = (
			);
			runOnlyForDeploymentPostprocessing = 0;
		};
		96C120FB2F5CCB4F001BAB34 /* Resources */ = {
			isa = PBXResourcesBuildPhase;
			buildActionMask = 2147483647;
			files = (
			);
			runOnlyForDeploymentPostprocessing = 0;
		};
		96C121052F5CCB4F001BAB34 /* Resources */ = {
			isa = PBXResourcesBuildPhase;
			buildActionMask = 2147483647;
			files = (
			);
			runOnlyForDeploymentPostprocessing = 0;
		};
/* End PBXResourcesBuildPhase section */

/* Begin PBXSourcesBuildPhase section */
		96C120E92F5CCB4E001BAB34 /* Sources */ = {
			isa = PBXSourcesBuildPhase;
			buildActionMask = 2147483647;
			files = (
			);
			runOnlyForDeploymentPostprocessing = 0;
		};
		96C120F92F5CCB4F001BAB34 /* Sources */ = {
			isa = PBXSourcesBuildPhase;
			buildActionMask = 2147483647;
			files = (
			);
			runOnlyForDeploymentPostprocessing = 0;
		};
		96C121032F5CCB4F001BAB34 /* Sources */ = {
			isa = PBXSourcesBuildPhase;
			buildActionMask = 2147483647;
			files = (
			);
			runOnlyForDeploymentPostprocessing = 0;
		};
/* End PBXSourcesBuildPhase section */

/* Begin PBXTargetDependency section */
		96C120FF2F5CCB4F001BAB34 /* PBXTargetDependency */ = {
			isa = PBXTargetDependency;
			target = 96C120EC2F5CCB4E001BAB34 /* FloatyDo */;
			targetProxy = 96C120FE2F5CCB4F001BAB34 /* PBXContainerItemProxy */;
		};
		96C121092F5CCB4F001BAB34 /* PBXTargetDependency */ = {
			isa = PBXTargetDependency;
			target = 96C120EC2F5CCB4E001BAB34 /* FloatyDo */;
			targetProxy = 96C121082F5CCB4F001BAB34 /* PBXContainerItemProxy */;
		};
/* End PBXTargetDependency section */

/* Begin XCBuildConfiguration section */
		96C1210F2F5CCB4F001BAB34 /* Debug */ = {
			isa = XCBuildConfiguration;
			buildSettings = {
				ALWAYS_SEARCH_USER_PATHS = NO;
				ASSETCATALOG_COMPILER_GENERATE_SWIFT_ASSET_SYMBOL_EXTENSIONS = YES;
				CLANG_ANALYZER_NONNULL = YES;
				CLANG_ANALYZER_NUMBER_OBJECT_CONVERSION = YES_AGGRESSIVE;
				CLANG_CXX_LANGUAGE_STANDARD = "gnu++20";
				CLANG_ENABLE_MODULES = YES;
				CLANG_ENABLE_OBJC_ARC = YES;
				CLANG_ENABLE_OBJC_WEAK = YES;
				CLANG_WARN_BLOCK_CAPTURE_AUTORELEASING = YES;
				CLANG_WARN_BOOL_CONVERSION = YES;
				CLANG_WARN_COMMA = YES;
				CLANG_WARN_CONSTANT_CONVERSION = YES;
				CLANG_WARN_DEPRECATED_OBJC_IMPLEMENTATIONS = YES;
				CLANG_WARN_DIRECT_OBJC_ISA_USAGE = YES_ERROR;
				CLANG_WARN_DOCUMENTATION_COMMENTS = YES;
				CLANG_WARN_EMPTY_BODY = YES;
				CLANG_WARN_ENUM_CONVERSION = YES;
				CLANG_WARN_INFINITE_RECURSION = YES;
				CLANG_WARN_INT_CONVERSION = YES;
				CLANG_WARN_NON_LITERAL_NULL_CONVERSION = YES;
				CLANG_WARN_OBJC_IMPLICIT_RETAIN_SELF = YES;
				CLANG_WARN_OBJC_LITERAL_CONVERSION = YES;
				CLANG_WARN_OBJC_ROOT_CLASS = YES_ERROR;
				CLANG_WARN_QUOTED_INCLUDE_IN_FRAMEWORK_HEADER = YES;
				CLANG_WARN_RANGE_LOOP_ANALYSIS = YES;
				CLANG_WARN_STRICT_PROTOTYPES = YES;
				CLANG_WARN_SUSPICIOUS_MOVE = YES;
				CLANG_WARN_UNGUARDED_AVAILABILITY = YES_AGGRESSIVE;
				CLANG_WARN_UNREACHABLE_CODE = YES;
				CLANG_WARN__DUPLICATE_METHOD_MATCH = YES;
				COPY_PHASE_STRIP = NO;
				DEBUG_INFORMATION_FORMAT = dwarf;
				DEVELOPMENT_TEAM = 93PXW7ZNY7;
				ENABLE_STRICT_OBJC_MSGSEND = YES;
				ENABLE_TESTABILITY = YES;
				ENABLE_USER_SCRIPT_SANDBOXING = YES;
				GCC_C_LANGUAGE_STANDARD = gnu17;
				GCC_DYNAMIC_NO_PIC = NO;
				GCC_NO_COMMON_BLOCKS = YES;
				GCC_OPTIMIZATION_LEVEL = 0;
				GCC_PREPROCESSOR_DEFINITIONS = (
					"DEBUG=1",
					"$(inherited)",
				);
				GCC_WARN_64_TO_32_BIT_CONVERSION = YES;
				GCC_WARN_ABOUT_RETURN_TYPE = YES_ERROR;
				GCC_WARN_UNDECLARED_SELECTOR = YES;
				GCC_WARN_UNINITIALIZED_AUTOS = YES_AGGRESSIVE;
				GCC_WARN_UNUSED_FUNCTION = YES;
				GCC_WARN_UNUSED_VARIABLE = YES;
				LOCALIZATION_PREFERS_STRING_CATALOGS = YES;
				MACOSX_DEPLOYMENT_TARGET = 15.0;
				MTL_ENABLE_DEBUG_INFO = INCLUDE_SOURCE;
				MTL_FAST_MATH = YES;
				ONLY_ACTIVE_ARCH = YES;
				SDKROOT = macosx;
				SWIFT_ACTIVE_COMPILATION_CONDITIONS = "DEBUG $(inherited)";
				SWIFT_OPTIMIZATION_LEVEL = "-Onone";
			};
			name = Debug;
		};
		96C121102F5CCB4F001BAB34 /* Release */ = {
			isa = XCBuildConfiguration;
			buildSettings = {
				ALWAYS_SEARCH_USER_PATHS = NO;
				ASSETCATALOG_COMPILER_GENERATE_SWIFT_ASSET_SYMBOL_EXTENSIONS = YES;
				CLANG_ANALYZER_NONNULL = YES;
				CLANG_ANALYZER_NUMBER_OBJECT_CONVERSION = YES_AGGRESSIVE;
				CLANG_CXX_LANGUAGE_STANDARD = "gnu++20";
				CLANG_ENABLE_MODULES = YES;
				CLANG_ENABLE_OBJC_ARC = YES;
				CLANG_ENABLE_OBJC_WEAK = YES;
				CLANG_WARN_BLOCK_CAPTURE_AUTORELEASING = YES;
				CLANG_WARN_BOOL_CONVERSION = YES;
				CLANG_WARN_COMMA = YES;
				CLANG_WARN_CONSTANT_CONVERSION = YES;
				CLANG_WARN_DEPRECATED_OBJC_IMPLEMENTATIONS = YES;
				CLANG_WARN_DIRECT_OBJC_ISA_USAGE = YES_ERROR;
				CLANG_WARN_DOCUMENTATION_COMMENTS = YES;
				CLANG_WARN_EMPTY_BODY = YES;
				CLANG_WARN_ENUM_CONVERSION = YES;
				CLANG_WARN_INFINITE_RECURSION = YES;
				CLANG_WARN_INT_CONVERSION = YES;
				CLANG_WARN_NON_LITERAL_NULL_CONVERSION = YES;
				CLANG_WARN_OBJC_IMPLICIT_RETAIN_SELF = YES;
				CLANG_WARN_OBJC_LITERAL_CONVERSION = YES;
				CLANG_WARN_OBJC_ROOT_CLASS = YES_ERROR;
				CLANG_WARN_QUOTED_INCLUDE_IN_FRAMEWORK_HEADER = YES;
				CLANG_WARN_RANGE_LOOP_ANALYSIS = YES;
				CLANG_WARN_STRICT_PROTOTYPES = YES;
				CLANG_WARN_SUSPICIOUS_MOVE = YES;
				CLANG_WARN_UNGUARDED_AVAILABILITY = YES_AGGRESSIVE;
				CLANG_WARN_UNREACHABLE_CODE = YES;
				CLANG_WARN__DUPLICATE_METHOD_MATCH = YES;
				COPY_PHASE_STRIP = NO;
				DEBUG_INFORMATION_FORMAT = "dwarf-with-dsym";
				DEVELOPMENT_TEAM = 93PXW7ZNY7;
				ENABLE_NS_ASSERTIONS = NO;
				ENABLE_STRICT_OBJC_MSGSEND = YES;
				ENABLE_USER_SCRIPT_SANDBOXING = YES;
				GCC_C_LANGUAGE_STANDARD = gnu17;
				GCC_NO_COMMON_BLOCKS = YES;
				GCC_WARN_64_TO_32_BIT_CONVERSION = YES;
				GCC_WARN_ABOUT_RETURN_TYPE = YES_ERROR;
				GCC_WARN_UNDECLARED_SELECTOR = YES;
				GCC_WARN_UNINITIALIZED_AUTOS = YES_AGGRESSIVE;
				GCC_WARN_UNUSED_FUNCTION = YES;
				GCC_WARN_UNUSED_VARIABLE = YES;
				LOCALIZATION_PREFERS_STRING_CATALOGS = YES;
				MACOSX_DEPLOYMENT_TARGET = 15.0;
				MTL_ENABLE_DEBUG_INFO = NO;
				MTL_FAST_MATH = YES;
				SDKROOT = macosx;
				SWIFT_COMPILATION_MODE = wholemodule;
			};
			name = Release;
		};
		96C121122F5CCB4F001BAB34 /* Debug */ = {
			isa = XCBuildConfiguration;
			buildSettings = {
				ASSETCATALOG_COMPILER_APPICON_NAME = theme1;
				ASSETCATALOG_COMPILER_GLOBAL_ACCENT_COLOR_NAME = AccentColor;
				CODE_SIGN_STYLE = Automatic;
				COMBINE_HIDPI_IMAGES = YES;
				CURRENT_PROJECT_VERSION = 6;
				DEVELOPMENT_TEAM = 93PXW7ZNY7;
				ENABLE_APP_SANDBOX = NO;
				ENABLE_HARDENED_RUNTIME = YES;
				ENABLE_USER_SELECTED_FILES = readonly;
				GENERATE_INFOPLIST_FILE = YES;
				INFOPLIST_KEY_CFBundleDisplayName = FloatyDo;
				INFOPLIST_KEY_LSApplicationCategoryType = "public.app-category.productivity";
				INFOPLIST_KEY_NSHumanReadableCopyright = "";
				INFOPLIST_KEY_NSPrincipalClass = NSApplication;
				LD_RUNPATH_SEARCH_PATHS = (
					"$(inherited)",
					"@executable_path/../Frameworks",
				);
				MACOSX_DEPLOYMENT_TARGET = 15.0;
				MARKETING_VERSION = 0.1;
				PRODUCT_BUNDLE_IDENTIFIER = com.raffichill.FloatyDo;
				PRODUCT_NAME = "$(TARGET_NAME)";
				REGISTER_APP_GROUPS = YES;
				STRING_CATALOG_GENERATE_SYMBOLS = YES;
				SWIFT_APPROACHABLE_CONCURRENCY = YES;
				SWIFT_DEFAULT_ACTOR_ISOLATION = MainActor;
				SWIFT_EMIT_LOC_STRINGS = YES;
				SWIFT_UPCOMING_FEATURE_MEMBER_IMPORT_VISIBILITY = YES;
				SWIFT_VERSION = 5.0;
			};
			name = Debug;
		};
		96C121132F5CCB4F001BAB34 /* Release */ = {
			isa = XCBuildConfiguration;
			buildSettings = {
				ASSETCATALOG_COMPILER_APPICON_NAME = theme1;
				ASSETCATALOG_COMPILER_GLOBAL_ACCENT_COLOR_NAME = AccentColor;
				CODE_SIGN_STYLE = Automatic;
				COMBINE_HIDPI_IMAGES = YES;
				CURRENT_PROJECT_VERSION = 6;
				DEVELOPMENT_TEAM = 93PXW7ZNY7;
				ENABLE_APP_SANDBOX = YES;
				ENABLE_HARDENED_RUNTIME = YES;
				ENABLE_USER_SELECTED_FILES = readonly;
				GENERATE_INFOPLIST_FILE = YES;
				INFOPLIST_KEY_CFBundleDisplayName = FloatyDo;
				INFOPLIST_KEY_LSApplicationCategoryType = "public.app-category.productivity";
				INFOPLIST_KEY_NSHumanReadableCopyright = "";
				INFOPLIST_KEY_NSPrincipalClass = NSApplication;
				LD_RUNPATH_SEARCH_PATHS = (
					"$(inherited)",
					"@executable_path/../Frameworks",
				);
				MACOSX_DEPLOYMENT_TARGET = 15.0;
				MARKETING_VERSION = 0.1;
				PRODUCT_BUNDLE_IDENTIFIER = com.raffichill.FloatyDo;
				PRODUCT_NAME = "$(TARGET_NAME)";
				REGISTER_APP_GROUPS = YES;
				STRING_CATALOG_GENERATE_SYMBOLS = YES;
				SWIFT_APPROACHABLE_CONCURRENCY = YES;
				SWIFT_DEFAULT_ACTOR_ISOLATION = MainActor;
				SWIFT_EMIT_LOC_STRINGS = YES;
				SWIFT_UPCOMING_FEATURE_MEMBER_IMPORT_VISIBILITY = YES;
				SWIFT_VERSION = 5.0;
			};
			name = Release;
		};
		96C121152F5CCB4F001BAB34 /* Debug */ = {
			isa = XCBuildConfiguration;
			buildSettings = {
				BUNDLE_LOADER = "$(TEST_HOST)";
				CODE_SIGN_STYLE = Automatic;
				CURRENT_PROJECT_VERSION = 1;
				DEVELOPMENT_TEAM = 93PXW7ZNY7;
				GENERATE_INFOPLIST_FILE = YES;
				MACOSX_DEPLOYMENT_TARGET = 15.0;
				MARKETING_VERSION = 1.0;
				PRODUCT_BUNDLE_IDENTIFIER = com.raffichill.FloatyDoTests;
				PRODUCT_NAME = "$(TARGET_NAME)";
				STRING_CATALOG_GENERATE_SYMBOLS = NO;
				SWIFT_APPROACHABLE_CONCURRENCY = YES;
				SWIFT_EMIT_LOC_STRINGS = NO;
				SWIFT_UPCOMING_FEATURE_MEMBER_IMPORT_VISIBILITY = YES;
				SWIFT_VERSION = 5.0;
				TEST_HOST = "$(BUILT_PRODUCTS_DIR)/FloatyDo.app/$(BUNDLE_EXECUTABLE_FOLDER_PATH)/FloatyDo";
			};
			name = Debug;
		};
		96C121162F5CCB4F001BAB34 /* Release */ = {
			isa = XCBuildConfiguration;
			buildSettings = {
				BUNDLE_LOADER = "$(TEST_HOST)";
				CODE_SIGN_STYLE = Automatic;
				CURRENT_PROJECT_VERSION = 1;
				DEVELOPMENT_TEAM = 93PXW7ZNY7;
				GENERATE_INFOPLIST_FILE = YES;
				MACOSX_DEPLOYMENT_TARGET = 15.0;
				MARKETING_VERSION = 1.0;
				PRODUCT_BUNDLE_IDENTIFIER = com.raffichill.FloatyDoTests;
				PRODUCT_NAME = "$(TARGET_NAME)";
				STRING_CATALOG_GENERATE_SYMBOLS = NO;
				SWIFT_APPROACHABLE_CONCURRENCY = YES;
				SWIFT_EMIT_LOC_STRINGS = NO;
				SWIFT_UPCOMING_FEATURE_MEMBER_IMPORT_VISIBILITY = YES;
				SWIFT_VERSION = 5.0;
				TEST_HOST = "$(BUILT_PRODUCTS_DIR)/FloatyDo.app/$(BUNDLE_EXECUTABLE_FOLDER_PATH)/FloatyDo";
			};
			name = Release;
		};
		96C121182F5CCB4F001BAB34 /* Debug */ = {
			isa = XCBuildConfiguration;
			buildSettings = {
				CODE_SIGN_STYLE = Automatic;
				CURRENT_PROJECT_VERSION = 1;
				DEVELOPMENT_TEAM = 93PXW7ZNY7;
				GENERATE_INFOPLIST_FILE = YES;
				MARKETING_VERSION = 1.0;
				PRODUCT_BUNDLE_IDENTIFIER = com.raffichill.FloatyDoUITests;
				PRODUCT_NAME = "$(TARGET_NAME)";
				STRING_CATALOG_GENERATE_SYMBOLS = NO;
				SWIFT_APPROACHABLE_CONCURRENCY = YES;
				SWIFT_EMIT_LOC_STRINGS = NO;
				SWIFT_UPCOMING_FEATURE_MEMBER_IMPORT_VISIBILITY = YES;
				SWIFT_VERSION = 5.0;
				TEST_TARGET_NAME = FloatyDo;
			};
			name = Debug;
		};
		96C121192F5CCB4F001BAB34 /* Release */ = {
			isa = XCBuildConfiguration;
			buildSettings = {
				CODE_SIGN_STYLE = Automatic;
				CURRENT_PROJECT_VERSION = 1;
				DEVELOPMENT_TEAM = 93PXW7ZNY7;
				GENERATE_INFOPLIST_FILE = YES;
				MARKETING_VERSION = 1.0;
				PRODUCT_BUNDLE_IDENTIFIER = com.raffichill.FloatyDoUITests;
				PRODUCT_NAME = "$(TARGET_NAME)";
				STRING_CATALOG_GENERATE_SYMBOLS = NO;
				SWIFT_APPROACHABLE_CONCURRENCY = YES;
				SWIFT_EMIT_LOC_STRINGS = NO;
				SWIFT_UPCOMING_FEATURE_MEMBER_IMPORT_VISIBILITY = YES;
				SWIFT_VERSION = 5.0;
				TEST_TARGET_NAME = FloatyDo;
			};
			name = Release;
		};
/* End XCBuildConfiguration section */

/* Begin XCConfigurationList section */
		96C120E82F5CCB4E001BAB34 /* Build configuration list for PBXProject "FloatyDo" */ = {
			isa = XCConfigurationList;
			buildConfigurations = (
				96C1210F2F5CCB4F001BAB34 /* Debug */,
				96C121102F5CCB4F001BAB34 /* Release */,
			);
			defaultConfigurationIsVisible = 0;
			defaultConfigurationName = Release;
		};
		96C121112F5CCB4F001BAB34 /* Build configuration list for PBXNativeTarget "FloatyDo" */ = {
			isa = XCConfigurationList;
			buildConfigurations = (
				96C121122F5CCB4F001BAB34 /* Debug */,
				96C121132F5CCB4F001BAB34 /* Release */,
			);
			defaultConfigurationIsVisible = 0;
			defaultConfigurationName = Release;
		};
		96C121142F5CCB4F001BAB34 /* Build configuration list for PBXNativeTarget "FloatyDoTests" */ = {
			isa = XCConfigurationList;
			buildConfigurations = (
				96C121152F5CCB4F001BAB34 /* Debug */,
				96C121162F5CCB4F001BAB34 /* Release */,
			);
			defaultConfigurationIsVisible = 0;
			defaultConfigurationName = Release;
		};
		96C121172F5CCB4F001BAB34 /* Build configuration list for PBXNativeTarget "FloatyDoUITests" */ = {
			isa = XCConfigurationList;
			buildConfigurations = (
				96C121182F5CCB4F001BAB34 /* Debug */,
				96C121192F5CCB4F001BAB34 /* Release */,
			);
			defaultConfigurationIsVisible = 0;
			defaultConfigurationName = Release;
		};
/* End XCConfigurationList section */

/* Begin XCLocalSwiftPackageReference section */
		2CBB50F645DF40E182408DA0 /* XCLocalSwiftPackageReference ".." */ = {
			isa = XCLocalSwiftPackageReference;
			relativePath = ..;
		};
/* End XCLocalSwiftPackageReference section */

/* Begin XCSwiftPackageProductDependency section */
		FA3EAE57C7C5454CA111C50E /* FloatyDoLib */ = {
			isa = XCSwiftPackageProductDependency;
			package = 2CBB50F645DF40E182408DA0 /* XCLocalSwiftPackageReference ".." */;
			productName = FloatyDoLib;
		};
/* End XCSwiftPackageProductDependency section */
	};
	rootObject = 96C120E52F5CCB4E001BAB34 /* Project object */;
}
